// !$*UTF8*$!
{
	archiveVersion = 1;
	classes = {
	};
	objectVersion = 46;
	objects = {

/* Begin PBXBuildFile section */
		F40F080F1610557100D0E876 /* sogamo_api_definitions.plist in Resources */ = {isa = PBXBuildFile; fileRef = F40F080E1610557100D0E876 /* sogamo_api_definitions.plist */; };
		F40F08101610557100D0E876 /* sogamo_api_definitions.plist in Resources */ = {isa = PBXBuildFile; fileRef = F40F080E1610557100D0E876 /* sogamo_api_definitions.plist */; };
		F43C6BA7161AC6D7006B7421 /* SystemConfiguration.framework in Frameworks */ = {isa = PBXBuildFile; fileRef = F43C6BA5161AC6C0006B7421 /* SystemConfiguration.framework */; };
		F43C6BA8161AC769006B7421 /* SystemConfiguration.framework in Frameworks */ = {isa = PBXBuildFile; fileRef = F43C6BA5161AC6C0006B7421 /* SystemConfiguration.framework */; };
		F450676816E86BFE00FAF500 /* SogamoAuthenticationResponse.m in Sources */ = {isa = PBXBuildFile; fileRef = F450676716E86BFE00FAF500 /* SogamoAuthenticationResponse.m */; };
		F450676B16EF428900FAF500 /* SogamoSuggestionResponse.m in Sources */ = {isa = PBXBuildFile; fileRef = F450676A16EF428900FAF500 /* SogamoSuggestionResponse.m */; };
		F474998415FF508800BA448A /* UIKit.framework in Frameworks */ = {isa = PBXBuildFile; fileRef = F474998315FF508800BA448A /* UIKit.framework */; };
		F474998615FF508800BA448A /* Foundation.framework in Frameworks */ = {isa = PBXBuildFile; fileRef = F474998515FF508800BA448A /* Foundation.framework */; };
		F474998815FF508800BA448A /* CoreGraphics.framework in Frameworks */ = {isa = PBXBuildFile; fileRef = F474998715FF508800BA448A /* CoreGraphics.framework */; };
		F474998E15FF508800BA448A /* InfoPlist.strings in Resources */ = {isa = PBXBuildFile; fileRef = F474998C15FF508800BA448A /* InfoPlist.strings */; };
		F474999015FF508800BA448A /* main.m in Sources */ = {isa = PBXBuildFile; fileRef = F474998F15FF508800BA448A /* main.m */; };
		F474999415FF508800BA448A /* AppDelegate.m in Sources */ = {isa = PBXBuildFile; fileRef = F474999315FF508800BA448A /* AppDelegate.m */; };
		F474999715FF508800BA448A /* ViewController.m in Sources */ = {isa = PBXBuildFile; fileRef = F474999615FF508800BA448A /* ViewController.m */; };
		F474999A15FF508800BA448A /* ViewController.xib in Resources */ = {isa = PBXBuildFile; fileRef = F474999815FF508800BA448A /* ViewController.xib */; };
		F47499A715FF533400BA448A /* SenTestingKit.framework in Frameworks */ = {isa = PBXBuildFile; fileRef = F47499A615FF533400BA448A /* SenTestingKit.framework */; };
		F47499A815FF533400BA448A /* UIKit.framework in Frameworks */ = {isa = PBXBuildFile; fileRef = F474998315FF508800BA448A /* UIKit.framework */; };
		F47499A915FF533400BA448A /* Foundation.framework in Frameworks */ = {isa = PBXBuildFile; fileRef = F474998515FF508800BA448A /* Foundation.framework */; };
		F47499AF15FF533400BA448A /* InfoPlist.strings in Resources */ = {isa = PBXBuildFile; fileRef = F47499AD15FF533400BA448A /* InfoPlist.strings */; };
		F47499B215FF533400BA448A /* Unit_Tests.m in Sources */ = {isa = PBXBuildFile; fileRef = F47499B115FF533400BA448A /* Unit_Tests.m */; };
		F47499BD15FF673900BA448A /* SogamoAPI.m in Sources */ = {isa = PBXBuildFile; fileRef = F47499BC15FF673900BA448A /* SogamoAPI.m */; };
		F47499C4160089DE00BA448A /* AuthenticationTest.m in Sources */ = {isa = PBXBuildFile; fileRef = F47499C3160089DE00BA448A /* AuthenticationTest.m */; };
		F47499C516008CC300BA448A /* SogamoAPI.m in Sources */ = {isa = PBXBuildFile; fileRef = F47499BC15FF673900BA448A /* SogamoAPI.m */; };
		F49AD19E1637E6A8002B3EEF /* SogamoDeviceUtilities.m in Sources */ = {isa = PBXBuildFile; fileRef = F49AD1971637E6A8002B3EEF /* SogamoDeviceUtilities.m */; };
		F49AD19F1637E6A8002B3EEF /* SogamoDeviceUtilities.m in Sources */ = {isa = PBXBuildFile; fileRef = F49AD1971637E6A8002B3EEF /* SogamoDeviceUtilities.m */; };
		F49AD1A01637E6A8002B3EEF /* SogamoJSONUtilities.m in Sources */ = {isa = PBXBuildFile; fileRef = F49AD1991637E6A8002B3EEF /* SogamoJSONUtilities.m */; };
		F49AD1A11637E6A8002B3EEF /* SogamoJSONUtilities.m in Sources */ = {isa = PBXBuildFile; fileRef = F49AD1991637E6A8002B3EEF /* SogamoJSONUtilities.m */; };
		F49AD1A21637E6A8002B3EEF /* SogamoMD5Utilities.m in Sources */ = {isa = PBXBuildFile; fileRef = F49AD19B1637E6A8002B3EEF /* SogamoMD5Utilities.m */; };
		F49AD1A31637E6A8002B3EEF /* SogamoMD5Utilities.m in Sources */ = {isa = PBXBuildFile; fileRef = F49AD19B1637E6A8002B3EEF /* SogamoMD5Utilities.m */; };
		F49AD1A41637E6A8002B3EEF /* SogamoReachability.m in Sources */ = {isa = PBXBuildFile; fileRef = F49AD19D1637E6A8002B3EEF /* SogamoReachability.m */; };
		F49AD1A51637E6A8002B3EEF /* SogamoReachability.m in Sources */ = {isa = PBXBuildFile; fileRef = F49AD19D1637E6A8002B3EEF /* SogamoReachability.m */; };
		F49AD1A81637E715002B3EEF /* SogamoEvent.m in Sources */ = {isa = PBXBuildFile; fileRef = F49AD1A71637E715002B3EEF /* SogamoEvent.m */; };
		F49AD1A91637E715002B3EEF /* SogamoEvent.m in Sources */ = {isa = PBXBuildFile; fileRef = F49AD1A71637E715002B3EEF /* SogamoEvent.m */; };
		F49AD1AC1637E73B002B3EEF /* SogamoSession.m in Sources */ = {isa = PBXBuildFile; fileRef = F49AD1AB1637E73B002B3EEF /* SogamoSession.m */; };
		F49AD1AD1637E73B002B3EEF /* SogamoSession.m in Sources */ = {isa = PBXBuildFile; fileRef = F49AD1AB1637E73B002B3EEF /* SogamoSession.m */; };
/* End PBXBuildFile section */

/* Begin PBXFileReference section */
		F40F080E1610557100D0E876 /* sogamo_api_definitions.plist */ = {isa = PBXFileReference; fileEncoding = 4; lastKnownFileType = text.plist.xml; path = sogamo_api_definitions.plist; sourceTree = "<group>"; };
		F438AF7D164E1339002961EF /* ARCMacros.h */ = {isa = PBXFileReference; fileEncoding = 4; lastKnownFileType = sourcecode.c.h; path = ARCMacros.h; sourceTree = "<group>"; };
		F43C6BA5161AC6C0006B7421 /* SystemConfiguration.framework */ = {isa = PBXFileReference; lastKnownFileType = wrapper.framework; name = SystemConfiguration.framework; path = System/Library/Frameworks/SystemConfiguration.framework; sourceTree = SDKROOT; };
		F450676616E86BFE00FAF500 /* SogamoAuthenticationResponse.h */ = {isa = PBXFileReference; fileEncoding = 4; lastKnownFileType = sourcecode.c.h; path = SogamoAuthenticationResponse.h; sourceTree = "<group>"; };
		F450676716E86BFE00FAF500 /* SogamoAuthenticationResponse.m */ = {isa = PBXFileReference; fileEncoding = 4; lastKnownFileType = sourcecode.c.objc; path = SogamoAuthenticationResponse.m; sourceTree = "<group>"; };
		F450676916EF428900FAF500 /* SogamoSuggestionResponse.h */ = {isa = PBXFileReference; fileEncoding = 4; lastKnownFileType = sourcecode.c.h; path = SogamoSuggestionResponse.h; sourceTree = "<group>"; };
		F450676A16EF428900FAF500 /* SogamoSuggestionResponse.m */ = {isa = PBXFileReference; fileEncoding = 4; lastKnownFileType = sourcecode.c.objc; path = SogamoSuggestionResponse.m; sourceTree = "<group>"; };
		F474997F15FF508800BA448A /* Sogamo Development.app */ = {isa = PBXFileReference; explicitFileType = wrapper.application; includeInIndex = 0; path = "Sogamo Development.app"; sourceTree = BUILT_PRODUCTS_DIR; };
		F474998315FF508800BA448A /* UIKit.framework */ = {isa = PBXFileReference; lastKnownFileType = wrapper.framework; name = UIKit.framework; path = System/Library/Frameworks/UIKit.framework; sourceTree = SDKROOT; };
		F474998515FF508800BA448A /* Foundation.framework */ = {isa = PBXFileReference; lastKnownFileType = wrapper.framework; name = Foundation.framework; path = System/Library/Frameworks/Foundation.framework; sourceTree = SDKROOT; };
		F474998715FF508800BA448A /* CoreGraphics.framework */ = {isa = PBXFileReference; lastKnownFileType = wrapper.framework; name = CoreGraphics.framework; path = System/Library/Frameworks/CoreGraphics.framework; sourceTree = SDKROOT; };
		F474998B15FF508800BA448A /* Sogamo SDK-Info.plist */ = {isa = PBXFileReference; lastKnownFileType = text.plist.xml; path = "Sogamo SDK-Info.plist"; sourceTree = "<group>"; };
		F474998D15FF508800BA448A /* en */ = {isa = PBXFileReference; lastKnownFileType = text.plist.strings; name = en; path = en.lproj/InfoPlist.strings; sourceTree = "<group>"; };
		F474998F15FF508800BA448A /* main.m */ = {isa = PBXFileReference; lastKnownFileType = sourcecode.c.objc; path = main.m; sourceTree = "<group>"; };
		F474999115FF508800BA448A /* Sogamo SDK-Prefix.pch */ = {isa = PBXFileReference; lastKnownFileType = sourcecode.c.h; path = "Sogamo SDK-Prefix.pch"; sourceTree = "<group>"; };
		F474999215FF508800BA448A /* AppDelegate.h */ = {isa = PBXFileReference; lastKnownFileType = sourcecode.c.h; path = AppDelegate.h; sourceTree = "<group>"; };
		F474999315FF508800BA448A /* AppDelegate.m */ = {isa = PBXFileReference; lastKnownFileType = sourcecode.c.objc; path = AppDelegate.m; sourceTree = "<group>"; };
		F474999515FF508800BA448A /* ViewController.h */ = {isa = PBXFileReference; lastKnownFileType = sourcecode.c.h; path = ViewController.h; sourceTree = "<group>"; };
		F474999615FF508800BA448A /* ViewController.m */ = {isa = PBXFileReference; lastKnownFileType = sourcecode.c.objc; path = ViewController.m; sourceTree = "<group>"; };
		F474999915FF508800BA448A /* en */ = {isa = PBXFileReference; lastKnownFileType = file.xib; name = en; path = en.lproj/ViewController.xib; sourceTree = "<group>"; };
		F47499A515FF533400BA448A /* Unit Tests.octest */ = {isa = PBXFileReference; explicitFileType = wrapper.cfbundle; includeInIndex = 0; path = "Unit Tests.octest"; sourceTree = BUILT_PRODUCTS_DIR; };
		F47499A615FF533400BA448A /* SenTestingKit.framework */ = {isa = PBXFileReference; lastKnownFileType = wrapper.framework; name = SenTestingKit.framework; path = Library/Frameworks/SenTestingKit.framework; sourceTree = DEVELOPER_DIR; };
		F47499AC15FF533400BA448A /* Unit Tests-Info.plist */ = {isa = PBXFileReference; lastKnownFileType = text.plist.xml; path = "Unit Tests-Info.plist"; sourceTree = "<group>"; };
		F47499AE15FF533400BA448A /* en */ = {isa = PBXFileReference; lastKnownFileType = text.plist.strings; name = en; path = en.lproj/InfoPlist.strings; sourceTree = "<group>"; };
		F47499B015FF533400BA448A /* Unit_Tests.h */ = {isa = PBXFileReference; lastKnownFileType = sourcecode.c.h; path = Unit_Tests.h; sourceTree = "<group>"; };
		F47499B115FF533400BA448A /* Unit_Tests.m */ = {isa = PBXFileReference; lastKnownFileType = sourcecode.c.objc; path = Unit_Tests.m; sourceTree = "<group>"; };
		F47499B315FF533400BA448A /* Unit Tests-Prefix.pch */ = {isa = PBXFileReference; lastKnownFileType = sourcecode.c.h; path = "Unit Tests-Prefix.pch"; sourceTree = "<group>"; };
		F47499BB15FF673900BA448A /* SogamoAPI.h */ = {isa = PBXFileReference; fileEncoding = 4; lastKnownFileType = sourcecode.c.h; path = SogamoAPI.h; sourceTree = "<group>"; };
		F47499BC15FF673900BA448A /* SogamoAPI.m */ = {isa = PBXFileReference; fileEncoding = 4; lastKnownFileType = sourcecode.c.objc; path = SogamoAPI.m; sourceTree = "<group>"; };
		F47499C2160089DE00BA448A /* AuthenticationTest.h */ = {isa = PBXFileReference; fileEncoding = 4; lastKnownFileType = sourcecode.c.h; path = AuthenticationTest.h; sourceTree = "<group>"; };
		F47499C3160089DE00BA448A /* AuthenticationTest.m */ = {isa = PBXFileReference; fileEncoding = 4; lastKnownFileType = sourcecode.c.objc; path = AuthenticationTest.m; sourceTree = "<group>"; };
		F49AD1961637E6A8002B3EEF /* SogamoDeviceUtilities.h */ = {isa = PBXFileReference; fileEncoding = 4; lastKnownFileType = sourcecode.c.h; path = SogamoDeviceUtilities.h; sourceTree = "<group>"; };
		F49AD1971637E6A8002B3EEF /* SogamoDeviceUtilities.m */ = {isa = PBXFileReference; fileEncoding = 4; lastKnownFileType = sourcecode.c.objc; path = SogamoDeviceUtilities.m; sourceTree = "<group>"; };
		F49AD1981637E6A8002B3EEF /* SogamoJSONUtilities.h */ = {isa = PBXFileReference; fileEncoding = 4; lastKnownFileType = sourcecode.c.h; path = SogamoJSONUtilities.h; sourceTree = "<group>"; };
		F49AD1991637E6A8002B3EEF /* SogamoJSONUtilities.m */ = {isa = PBXFileReference; fileEncoding = 4; lastKnownFileType = sourcecode.c.objc; path = SogamoJSONUtilities.m; sourceTree = "<group>"; };
		F49AD19A1637E6A8002B3EEF /* SogamoMD5Utilities.h */ = {isa = PBXFileReference; fileEncoding = 4; lastKnownFileType = sourcecode.c.h; path = SogamoMD5Utilities.h; sourceTree = "<group>"; };
		F49AD19B1637E6A8002B3EEF /* SogamoMD5Utilities.m */ = {isa = PBXFileReference; fileEncoding = 4; lastKnownFileType = sourcecode.c.objc; path = SogamoMD5Utilities.m; sourceTree = "<group>"; };
		F49AD19C1637E6A8002B3EEF /* SogamoReachability.h */ = {isa = PBXFileReference; fileEncoding = 4; lastKnownFileType = sourcecode.c.h; path = SogamoReachability.h; sourceTree = "<group>"; };
		F49AD19D1637E6A8002B3EEF /* SogamoReachability.m */ = {isa = PBXFileReference; fileEncoding = 4; lastKnownFileType = sourcecode.c.objc; path = SogamoReachability.m; sourceTree = "<group>"; };
		F49AD1A61637E715002B3EEF /* SogamoEvent.h */ = {isa = PBXFileReference; fileEncoding = 4; lastKnownFileType = sourcecode.c.h; path = SogamoEvent.h; sourceTree = "<group>"; };
		F49AD1A71637E715002B3EEF /* SogamoEvent.m */ = {isa = PBXFileReference; fileEncoding = 4; lastKnownFileType = sourcecode.c.objc; path = SogamoEvent.m; sourceTree = "<group>"; };
		F49AD1AA1637E73B002B3EEF /* SogamoSession.h */ = {isa = PBXFileReference; fileEncoding = 4; lastKnownFileType = sourcecode.c.h; path = SogamoSession.h; sourceTree = "<group>"; };
		F49AD1AB1637E73B002B3EEF /* SogamoSession.m */ = {isa = PBXFileReference; fileEncoding = 4; lastKnownFileType = sourcecode.c.objc; path = SogamoSession.m; sourceTree = "<group>"; };
		F4C9FD91164FA39E007B7C92 /* SogamoAPI-Info.plist */ = {isa = PBXFileReference; lastKnownFileType = text.plist.xml; path = "SogamoAPI-Info.plist"; sourceTree = "<group>"; };
		F4C9FD93164FA39E007B7C92 /* en */ = {isa = PBXFileReference; lastKnownFileType = text.plist.strings; name = en; path = en.lproj/InfoPlist.strings; sourceTree = "<group>"; };
		F4C9FD95164FA39E007B7C92 /* SogamoAPI-Prefix.pch */ = {isa = PBXFileReference; lastKnownFileType = sourcecode.c.h; path = "SogamoAPI-Prefix.pch"; sourceTree = "<group>"; };
/* End PBXFileReference section */

/* Begin PBXFrameworksBuildPhase section */
		F474997C15FF508800BA448A /* Frameworks */ = {
			isa = PBXFrameworksBuildPhase;
			buildActionMask = 2147483647;
			files = (
				F474998415FF508800BA448A /* UIKit.framework in Frameworks */,
				F474998615FF508800BA448A /* Foundation.framework in Frameworks */,
				F474998815FF508800BA448A /* CoreGraphics.framework in Frameworks */,
				F43C6BA8161AC769006B7421 /* SystemConfiguration.framework in Frameworks */,
			);
			runOnlyForDeploymentPostprocessing = 0;
		};
		F47499A115FF533400BA448A /* Frameworks */ = {
			isa = PBXFrameworksBuildPhase;
			buildActionMask = 2147483647;
			files = (
				F43C6BA7161AC6D7006B7421 /* SystemConfiguration.framework in Frameworks */,
				F47499A715FF533400BA448A /* SenTestingKit.framework in Frameworks */,
				F47499A815FF533400BA448A /* UIKit.framework in Frameworks */,
				F47499A915FF533400BA448A /* Foundation.framework in Frameworks */,
			);
			runOnlyForDeploymentPostprocessing = 0;
		};
/* End PBXFrameworksBuildPhase section */

/* Begin PBXGroup section */
		F474997415FF508800BA448A = {
			isa = PBXGroup;
			children = (
				F474998915FF508800BA448A /* Sogamo SDK */,
				F47499AA15FF533400BA448A /* Unit Tests */,
				F4C9FD8F164FA39E007B7C92 /* SogamoAPI */,
				F474998215FF508800BA448A /* Frameworks */,
				F474998015FF508800BA448A /* Products */,
			);
			sourceTree = "<group>";
		};
		F474998015FF508800BA448A /* Products */ = {
			isa = PBXGroup;
			children = (
				F474997F15FF508800BA448A /* Sogamo Development.app */,
				F47499A515FF533400BA448A /* Unit Tests.octest */,
			);
			name = Products;
			sourceTree = "<group>";
		};
		F474998215FF508800BA448A /* Frameworks */ = {
			isa = PBXGroup;
			children = (
				F43C6BA5161AC6C0006B7421 /* SystemConfiguration.framework */,
				F474998315FF508800BA448A /* UIKit.framework */,
				F474998515FF508800BA448A /* Foundation.framework */,
				F474998715FF508800BA448A /* CoreGraphics.framework */,
				F47499A615FF533400BA448A /* SenTestingKit.framework */,
			);
			name = Frameworks;
			sourceTree = "<group>";
		};
		F474998915FF508800BA448A /* Sogamo SDK */ = {
			isa = PBXGroup;
			children = (
				F47499BA15FF671000BA448A /* SogamoLib */,
				F474999215FF508800BA448A /* AppDelegate.h */,
				F474999315FF508800BA448A /* AppDelegate.m */,
				F474999515FF508800BA448A /* ViewController.h */,
				F474999615FF508800BA448A /* ViewController.m */,
				F474999815FF508800BA448A /* ViewController.xib */,
				F474998A15FF508800BA448A /* Supporting Files */,
			);
			path = "Sogamo SDK";
			sourceTree = "<group>";
		};
		F474998A15FF508800BA448A /* Supporting Files */ = {
			isa = PBXGroup;
			children = (
				F474998B15FF508800BA448A /* Sogamo SDK-Info.plist */,
				F474998C15FF508800BA448A /* InfoPlist.strings */,
				F474998F15FF508800BA448A /* main.m */,
				F474999115FF508800BA448A /* Sogamo SDK-Prefix.pch */,
			);
			name = "Supporting Files";
			sourceTree = "<group>";
		};
		F47499AA15FF533400BA448A /* Unit Tests */ = {
			isa = PBXGroup;
			children = (
				F47499B015FF533400BA448A /* Unit_Tests.h */,
				F47499B115FF533400BA448A /* Unit_Tests.m */,
				F47499AB15FF533400BA448A /* Supporting Files */,
				F47499C2160089DE00BA448A /* AuthenticationTest.h */,
				F47499C3160089DE00BA448A /* AuthenticationTest.m */,
			);
			path = "Unit Tests";
			sourceTree = "<group>";
		};
		F47499AB15FF533400BA448A /* Supporting Files */ = {
			isa = PBXGroup;
			children = (
				F47499AC15FF533400BA448A /* Unit Tests-Info.plist */,
				F47499AD15FF533400BA448A /* InfoPlist.strings */,
				F47499B315FF533400BA448A /* Unit Tests-Prefix.pch */,
			);
			name = "Supporting Files";
			sourceTree = "<group>";
		};
		F47499BA15FF671000BA448A /* SogamoLib */ = {
			isa = PBXGroup;
			children = (
				F49AD1951637E6A8002B3EEF /* lib */,
				F47499BB15FF673900BA448A /* SogamoAPI.h */,
				F47499BC15FF673900BA448A /* SogamoAPI.m */,
				F40F080E1610557100D0E876 /* sogamo_api_definitions.plist */,
			);
			path = SogamoLib;
			sourceTree = "<group>";
		};
		F49AD1951637E6A8002B3EEF /* lib */ = {
			isa = PBXGroup;
			children = (
				F438AF7D164E1339002961EF /* ARCMacros.h */,
				F49AD1961637E6A8002B3EEF /* SogamoDeviceUtilities.h */,
				F49AD1971637E6A8002B3EEF /* SogamoDeviceUtilities.m */,
				F49AD1A61637E715002B3EEF /* SogamoEvent.h */,
				F49AD1A71637E715002B3EEF /* SogamoEvent.m */,
				F49AD1981637E6A8002B3EEF /* SogamoJSONUtilities.h */,
				F49AD1991637E6A8002B3EEF /* SogamoJSONUtilities.m */,
				F49AD19A1637E6A8002B3EEF /* SogamoMD5Utilities.h */,
				F49AD19B1637E6A8002B3EEF /* SogamoMD5Utilities.m */,
				F49AD19C1637E6A8002B3EEF /* SogamoReachability.h */,
				F49AD19D1637E6A8002B3EEF /* SogamoReachability.m */,
				F49AD1AA1637E73B002B3EEF /* SogamoSession.h */,
				F49AD1AB1637E73B002B3EEF /* SogamoSession.m */,
				F450676616E86BFE00FAF500 /* SogamoAuthenticationResponse.h */,
				F450676716E86BFE00FAF500 /* SogamoAuthenticationResponse.m */,
				F450676916EF428900FAF500 /* SogamoSuggestionResponse.h */,
				F450676A16EF428900FAF500 /* SogamoSuggestionResponse.m */,
			);
			path = lib;
			sourceTree = "<group>";
		};
		F4C9FD8F164FA39E007B7C92 /* SogamoAPI */ = {
			isa = PBXGroup;
			children = (
				F4C9FD90164FA39E007B7C92 /* Supporting Files */,
			);
			path = SogamoAPI;
			sourceTree = "<group>";
		};
		F4C9FD90164FA39E007B7C92 /* Supporting Files */ = {
			isa = PBXGroup;
			children = (
				F4C9FD91164FA39E007B7C92 /* SogamoAPI-Info.plist */,
				F4C9FD92164FA39E007B7C92 /* InfoPlist.strings */,
				F4C9FD95164FA39E007B7C92 /* SogamoAPI-Prefix.pch */,
			);
			name = "Supporting Files";
			sourceTree = "<group>";
		};
/* End PBXGroup section */

/* Begin PBXNativeTarget section */
		F474997E15FF508800BA448A /* Sogamo Development */ = {
			isa = PBXNativeTarget;
			buildConfigurationList = F474999D15FF508800BA448A /* Build configuration list for PBXNativeTarget "Sogamo Development" */;
			buildPhases = (
				F474997B15FF508800BA448A /* Sources */,
				F474997C15FF508800BA448A /* Frameworks */,
				F474997D15FF508800BA448A /* Resources */,
			);
			buildRules = (
			);
			dependencies = (
			);
			name = "Sogamo Development";
			productName = "Sogamo SDK";
			productReference = F474997F15FF508800BA448A /* Sogamo Development.app */;
			productType = "com.apple.product-type.application";
		};
		F47499A415FF533400BA448A /* Unit Tests */ = {
			isa = PBXNativeTarget;
			buildConfigurationList = F47499B415FF533400BA448A /* Build configuration list for PBXNativeTarget "Unit Tests" */;
			buildPhases = (
				F47499A015FF533400BA448A /* Sources */,
				F47499A115FF533400BA448A /* Frameworks */,
				F47499A215FF533400BA448A /* Resources */,
				F47499A315FF533400BA448A /* ShellScript */,
			);
			buildRules = (
			);
			dependencies = (
			);
			name = "Unit Tests";
			productName = "Unit Tests";
			productReference = F47499A515FF533400BA448A /* Unit Tests.octest */;
			productType = "com.apple.product-type.bundle";
		};
/* End PBXNativeTarget section */

/* Begin PBXProject section */
		F474997615FF508800BA448A /* Project object */ = {
			isa = PBXProject;
			attributes = {
				LastUpgradeCheck = 0430;
				ORGANIZATIONNAME = "White Dwarf Labs";
			};
			buildConfigurationList = F474997915FF508800BA448A /* Build configuration list for PBXProject "Sogamo SDK" */;
			compatibilityVersion = "Xcode 3.2";
			developmentRegion = English;
			hasScannedForEncodings = 0;
			knownRegions = (
				en,
			);
			mainGroup = F474997415FF508800BA448A;
			productRefGroup = F474998015FF508800BA448A /* Products */;
			projectDirPath = "";
			projectRoot = "";
			targets = (
				F474997E15FF508800BA448A /* Sogamo Development */,
				F47499A415FF533400BA448A /* Unit Tests */,
			);
		};
/* End PBXProject section */

/* Begin PBXResourcesBuildPhase section */
		F474997D15FF508800BA448A /* Resources */ = {
			isa = PBXResourcesBuildPhase;
			buildActionMask = 2147483647;
			files = (
				F474998E15FF508800BA448A /* InfoPlist.strings in Resources */,
				F474999A15FF508800BA448A /* ViewController.xib in Resources */,
				F40F080F1610557100D0E876 /* sogamo_api_definitions.plist in Resources */,
			);
			runOnlyForDeploymentPostprocessing = 0;
		};
		F47499A215FF533400BA448A /* Resources */ = {
			isa = PBXResourcesBuildPhase;
			buildActionMask = 2147483647;
			files = (
				F47499AF15FF533400BA448A /* InfoPlist.strings in Resources */,
				F40F08101610557100D0E876 /* sogamo_api_definitions.plist in Resources */,
			);
			runOnlyForDeploymentPostprocessing = 0;
		};
/* End PBXResourcesBuildPhase section */

/* Begin PBXShellScriptBuildPhase section */
		F47499A315FF533400BA448A /* ShellScript */ = {
			isa = PBXShellScriptBuildPhase;
			buildActionMask = 2147483647;
			files = (
			);
			inputPaths = (
			);
			outputPaths = (
			);
			runOnlyForDeploymentPostprocessing = 0;
			shellPath = /bin/sh;
			shellScript = "# Run the unit tests in this test bundle.\n\"${SYSTEM_DEVELOPER_DIR}/Tools/RunUnitTests\"\n";
		};
/* End PBXShellScriptBuildPhase section */

/* Begin PBXSourcesBuildPhase section */
		F474997B15FF508800BA448A /* Sources */ = {
			isa = PBXSourcesBuildPhase;
			buildActionMask = 2147483647;
			files = (
				F474999015FF508800BA448A /* main.m in Sources */,
				F474999415FF508800BA448A /* AppDelegate.m in Sources */,
				F474999715FF508800BA448A /* ViewController.m in Sources */,
				F47499BD15FF673900BA448A /* SogamoAPI.m in Sources */,
				F49AD19E1637E6A8002B3EEF /* SogamoDeviceUtilities.m in Sources */,
				F49AD1A01637E6A8002B3EEF /* SogamoJSONUtilities.m in Sources */,
				F49AD1A21637E6A8002B3EEF /* SogamoMD5Utilities.m in Sources */,
				F49AD1A41637E6A8002B3EEF /* SogamoReachability.m in Sources */,
				F49AD1A81637E715002B3EEF /* SogamoEvent.m in Sources */,
				F49AD1AC1637E73B002B3EEF /* SogamoSession.m in Sources */,
				F450676816E86BFE00FAF500 /* SogamoAuthenticationResponse.m in Sources */,
				F450676B16EF428900FAF500 /* SogamoSuggestionResponse.m in Sources */,
			);
			runOnlyForDeploymentPostprocessing = 0;
		};
		F47499A015FF533400BA448A /* Sources */ = {
			isa = PBXSourcesBuildPhase;
			buildActionMask = 2147483647;
			files = (
				F47499C516008CC300BA448A /* SogamoAPI.m in Sources */,
				F47499B215FF533400BA448A /* Unit_Tests.m in Sources */,
				F47499C4160089DE00BA448A /* AuthenticationTest.m in Sources */,
				F49AD19F1637E6A8002B3EEF /* SogamoDeviceUtilities.m in Sources */,
				F49AD1A11637E6A8002B3EEF /* SogamoJSONUtilities.m in Sources */,
				F49AD1A31637E6A8002B3EEF /* SogamoMD5Utilities.m in Sources */,
				F49AD1A51637E6A8002B3EEF /* SogamoReachability.m in Sources */,
				F49AD1A91637E715002B3EEF /* SogamoEvent.m in Sources */,
				F49AD1AD1637E73B002B3EEF /* SogamoSession.m in Sources */,
			);
			runOnlyForDeploymentPostprocessing = 0;
		};
/* End PBXSourcesBuildPhase section */

/* Begin PBXVariantGroup section */
		F474998C15FF508800BA448A /* InfoPlist.strings */ = {
			isa = PBXVariantGroup;
			children = (
				F474998D15FF508800BA448A /* en */,
			);
			name = InfoPlist.strings;
			sourceTree = "<group>";
		};
		F474999815FF508800BA448A /* ViewController.xib */ = {
			isa = PBXVariantGroup;
			children = (
				F474999915FF508800BA448A /* en */,
			);
			name = ViewController.xib;
			sourceTree = "<group>";
		};
		F47499AD15FF533400BA448A /* InfoPlist.strings */ = {
			isa = PBXVariantGroup;
			children = (
				F47499AE15FF533400BA448A /* en */,
			);
			name = InfoPlist.strings;
			sourceTree = "<group>";
		};
		F4C9FD92164FA39E007B7C92 /* InfoPlist.strings */ = {
			isa = PBXVariantGroup;
			children = (
				F4C9FD93164FA39E007B7C92 /* en */,
			);
			name = InfoPlist.strings;
			sourceTree = "<group>";
		};
/* End PBXVariantGroup section */

/* Begin XCBuildConfiguration section */
		F474999B15FF508800BA448A /* Debug */ = {
			isa = XCBuildConfiguration;
			buildSettings = {
				ALWAYS_SEARCH_USER_PATHS = NO;
				ARCHS = "$(ARCHS_STANDARD_32_BIT)";
				"CODE_SIGN_IDENTITY[sdk=iphoneos*]" = "iPhone Developer";
				COPY_PHASE_STRIP = NO;
				GCC_C_LANGUAGE_STANDARD = gnu99;
				GCC_DYNAMIC_NO_PIC = NO;
				GCC_OPTIMIZATION_LEVEL = 0;
				GCC_PREPROCESSOR_DEFINITIONS = (
					"DEBUG=1",
					"$(inherited)",
				);
				GCC_SYMBOLS_PRIVATE_EXTERN = NO;
				GCC_VERSION = com.apple.compilers.llvm.clang.1_0;
				GCC_WARN_ABOUT_RETURN_TYPE = YES;
				GCC_WARN_UNINITIALIZED_AUTOS = YES;
				GCC_WARN_UNUSED_VARIABLE = YES;
				IPHONEOS_DEPLOYMENT_TARGET = 5.1;
				SDKROOT = iphoneos;
			};
			name = Debug;
		};
		F474999C15FF508800BA448A /* Release */ = {
			isa = XCBuildConfiguration;
			buildSettings = {
				ALWAYS_SEARCH_USER_PATHS = NO;
				ARCHS = "$(ARCHS_STANDARD_32_BIT)";
				"CODE_SIGN_IDENTITY[sdk=iphoneos*]" = "iPhone Developer";
				COPY_PHASE_STRIP = YES;
				GCC_C_LANGUAGE_STANDARD = gnu99;
				GCC_VERSION = com.apple.compilers.llvm.clang.1_0;
				GCC_WARN_ABOUT_RETURN_TYPE = YES;
				GCC_WARN_UNINITIALIZED_AUTOS = YES;
				GCC_WARN_UNUSED_VARIABLE = YES;
				IPHONEOS_DEPLOYMENT_TARGET = 5.1;
				OTHER_CFLAGS = "-DNS_BLOCK_ASSERTIONS=1";
				SDKROOT = iphoneos;
				VALIDATE_PRODUCT = YES;
			};
			name = Release;
		};
		F474999E15FF508800BA448A /* Debug */ = {
			isa = XCBuildConfiguration;
			buildSettings = {
				GCC_PRECOMPILE_PREFIX_HEADER = YES;
				GCC_PREFIX_HEADER = "Sogamo SDK/Sogamo SDK-Prefix.pch";
				INFOPLIST_FILE = "Sogamo SDK/Sogamo SDK-Info.plist";
				IPHONEOS_DEPLOYMENT_TARGET = 5.0;
				PRODUCT_NAME = "$(TARGET_NAME)";
				WRAPPER_EXTENSION = app;
			};
			name = Debug;
		};
		F474999F15FF508800BA448A /* Release */ = {
			isa = XCBuildConfiguration;
			buildSettings = {
				GCC_PRECOMPILE_PREFIX_HEADER = YES;
				GCC_PREFIX_HEADER = "Sogamo SDK/Sogamo SDK-Prefix.pch";
				INFOPLIST_FILE = "Sogamo SDK/Sogamo SDK-Info.plist";
				IPHONEOS_DEPLOYMENT_TARGET = 5.0;
				PRODUCT_NAME = "$(TARGET_NAME)";
				WRAPPER_EXTENSION = app;
			};
			name = Release;
		};
		F47499B515FF533400BA448A /* Debug */ = {
			isa = XCBuildConfiguration;
			buildSettings = {
				FRAMEWORK_SEARCH_PATHS = (
					"$(SDKROOT)/Developer/Library/Frameworks",
					"$(DEVELOPER_LIBRARY_DIR)/Frameworks",
				);
				GCC_PRECOMPILE_PREFIX_HEADER = YES;
				GCC_PREFIX_HEADER = "Unit Tests/Unit Tests-Prefix.pch";
				INFOPLIST_FILE = "Unit Tests/Unit Tests-Info.plist";
				PRODUCT_NAME = "$(TARGET_NAME)";
				WRAPPER_EXTENSION = octest;
			};
			name = Debug;
		};
		F47499B615FF533400BA448A /* Release */ = {
			isa = XCBuildConfiguration;
			buildSettings = {
				FRAMEWORK_SEARCH_PATHS = (
					"$(SDKROOT)/Developer/Library/Frameworks",
					"$(DEVELOPER_LIBRARY_DIR)/Frameworks",
				);
				GCC_PRECOMPILE_PREFIX_HEADER = YES;
				GCC_PREFIX_HEADER = "Unit Tests/Unit Tests-Prefix.pch";
				INFOPLIST_FILE = "Unit Tests/Unit Tests-Info.plist";
				PRODUCT_NAME = "$(TARGET_NAME)";
				WRAPPER_EXTENSION = octest;
			};
			name = Release;
		};
/* End XCBuildConfiguration section */

/* Begin XCConfigurationList section */
		F474997915FF508800BA448A /* Build configuration list for PBXProject "Sogamo SDK" */ = {
			isa = XCConfigurationList;
			buildConfigurations = (
				F474999B15FF508800BA448A /* Debug */,
				F474999C15FF508800BA448A /* Release */,
			);
			defaultConfigurationIsVisible = 0;
			defaultConfigurationName = Release;
		};
		F474999D15FF508800BA448A /* Build configuration list for PBXNativeTarget "Sogamo Development" */ = {
			isa = XCConfigurationList;
			buildConfigurations = (
				F474999E15FF508800BA448A /* Debug */,
				F474999F15FF508800BA448A /* Release */,
			);
			defaultConfigurationIsVisible = 0;
			defaultConfigurationName = Release;
		};
		F47499B415FF533400BA448A /* Build configuration list for PBXNativeTarget "Unit Tests" */ = {
			isa = XCConfigurationList;
			buildConfigurations = (
				F47499B515FF533400BA448A /* Debug */,
				F47499B615FF533400BA448A /* Release */,
			);
			defaultConfigurationIsVisible = 0;
			defaultConfigurationName = Release;
		};
/* End XCConfigurationList section */
	};
	rootObject = F474997615FF508800BA448A /* Project object */;
}
